# THIS IS AN AUTOGENERATED FILE. DO NOT EDIT THIS FILE DIRECTLY.
# yarn lockfile v1


"@sproutsocial/seeds-utils@^1.2.1":
  version "1.2.1"
  resolved "https://registry.yarnpkg.com/@sproutsocial/seeds-utils/-/seeds-utils-1.2.1.tgz#4d3fd10916115db1cb6e69aac2a998e67434b334"
  integrity sha512-nuOEDTJYeuC5zbnWN9QoNrqzn3fYu2A3Ei9pCCIejGGUMestz7GjowC1ClJXxhkVe59nW6fsOCHcm2OPpfMJ4A==
